// !$*UTF8*$!
{
	archiveVersion = 1;
	classes = {
	};
	objectVersion = 56;
	objects = {

/* Begin PBXBuildFile section */
		1055BA5A2A320FAD0066611C /* ToDoApp.swift in Sources */ = {isa = PBXBuildFile; fileRef = 1055BA592A320FAD0066611C /* ToDoApp.swift */; };
		1055BA5C2A320FAD0066611C /* MainView.swift in Sources */ = {isa = PBXBuildFile; fileRef = 1055BA5B2A320FAD0066611C /* MainView.swift */; };
		1055BA5E2A320FAE0066611C /* Assets.xcassets in Resources */ = {isa = PBXBuildFile; fileRef = 1055BA5D2A320FAE0066611C /* Assets.xcassets */; };
		1055BA612A320FAE0066611C /* Preview Assets.xcassets in Resources */ = {isa = PBXBuildFile; fileRef = 1055BA602A320FAE0066611C /* Preview Assets.xcassets */; };
		1055BA692A3210FA0066611C /* FirebaseAuth in Frameworks */ = {isa = PBXBuildFile; productRef = 1055BA682A3210FA0066611C /* FirebaseAuth */; };
		1055BA6B2A3210FA0066611C /* FirebaseFirestore in Frameworks */ = {isa = PBXBuildFile; productRef = 1055BA6A2A3210FA0066611C /* FirebaseFirestore */; };
		1055BA6D2A3210FA0066611C /* FirebaseFirestoreSwift in Frameworks */ = {isa = PBXBuildFile; productRef = 1055BA6C2A3210FA0066611C /* FirebaseFirestoreSwift */; };
		1055BA6F2A3212960066611C /* GoogleService-Info.plist in Resources */ = {isa = PBXBuildFile; fileRef = 1055BA6E2A3212960066611C /* GoogleService-Info.plist */; };
		1055BA772A3217BA0066611C /* ProfileView.swift in Sources */ = {isa = PBXBuildFile; fileRef = 1055BA762A3217BA0066611C /* ProfileView.swift */; };
		1055BA792A3217CF0066611C /* ToDoListItemView.swift in Sources */ = {isa = PBXBuildFile; fileRef = 1055BA782A3217CF0066611C /* ToDoListItemView.swift */; };
		1055BA7B2A3217DD0066611C /* NewItemView.swift in Sources */ = {isa = PBXBuildFile; fileRef = 1055BA7A2A3217DD0066611C /* NewItemView.swift */; };
		1055BA7D2A3217E50066611C /* LoginView.swift in Sources */ = {isa = PBXBuildFile; fileRef = 1055BA7C2A3217E50066611C /* LoginView.swift */; };
		1055BA7F2A3217FC0066611C /* RegistraterView.swift in Sources */ = {isa = PBXBuildFile; fileRef = 1055BA7E2A3217FC0066611C /* RegistraterView.swift */; };
		1055BA812A3218250066611C /* ToDoListView.swift in Sources */ = {isa = PBXBuildFile; fileRef = 1055BA802A3218250066611C /* ToDoListView.swift */; };
		1055BA832A3218420066611C /* User.swift in Sources */ = {isa = PBXBuildFile; fileRef = 1055BA822A3218420066611C /* User.swift */; };
		1055BA852A3218520066611C /* ToDoListItem.swift in Sources */ = {isa = PBXBuildFile; fileRef = 1055BA842A3218520066611C /* ToDoListItem.swift */; };
		1055BA872A32185F0066611C /* MainViewModel.swift in Sources */ = {isa = PBXBuildFile; fileRef = 1055BA862A32185F0066611C /* MainViewModel.swift */; };
		1055BA892A3218670066611C /* ProfileViewModel.swift in Sources */ = {isa = PBXBuildFile; fileRef = 1055BA882A3218670066611C /* ProfileViewModel.swift */; };
		1055BA8B2A3218700066611C /* ToDoListItemViewModel.swift in Sources */ = {isa = PBXBuildFile; fileRef = 1055BA8A2A3218700066611C /* ToDoListItemViewModel.swift */; };
		1055BA8D2A3218790066611C /* NewItemViewModel.swift in Sources */ = {isa = PBXBuildFile; fileRef = 1055BA8C2A3218790066611C /* NewItemViewModel.swift */; };
		1055BA8F2A3218800066611C /* LoginViewModel.swift in Sources */ = {isa = PBXBuildFile; fileRef = 1055BA8E2A3218800066611C /* LoginViewModel.swift */; };
		1055BA912A32188B0066611C /* RegisterViewModel.swift in Sources */ = {isa = PBXBuildFile; fileRef = 1055BA902A32188B0066611C /* RegisterViewModel.swift */; };
		1055BA932A3218920066611C /* TodoListViewModel.swift in Sources */ = {isa = PBXBuildFile; fileRef = 1055BA922A3218920066611C /* TodoListViewModel.swift */; };
/* End PBXBuildFile section */

/* Begin PBXFileReference section */
		1055BA562A320FAD0066611C /* ToDo.app */ = {isa = PBXFileReference; explicitFileType = wrapper.application; includeInIndex = 0; path = ToDo.app; sourceTree = BUILT_PRODUCTS_DIR; };
		1055BA592A320FAD0066611C /* ToDoApp.swift */ = {isa = PBXFileReference; lastKnownFileType = sourcecode.swift; path = ToDoApp.swift; sourceTree = "<group>"; };
		1055BA5B2A320FAD0066611C /* MainView.swift */ = {isa = PBXFileReference; lastKnownFileType = sourcecode.swift; path = MainView.swift; sourceTree = "<group>"; };
		1055BA5D2A320FAE0066611C /* Assets.xcassets */ = {isa = PBXFileReference; lastKnownFileType = folder.assetcatalog; path = Assets.xcassets; sourceTree = "<group>"; };
		1055BA602A320FAE0066611C /* Preview Assets.xcassets */ = {isa = PBXFileReference; lastKnownFileType = folder.assetcatalog; path = "Preview Assets.xcassets"; sourceTree = "<group>"; };
		1055BA6E2A3212960066611C /* GoogleService-Info.plist */ = {isa = PBXFileReference; lastKnownFileType = text.plist.xml; name = "GoogleService-Info.plist"; path = "ToDo/other/GoogleService-Info.plist"; sourceTree = SOURCE_ROOT; };
		1055BA762A3217BA0066611C /* ProfileView.swift */ = {isa = PBXFileReference; lastKnownFileType = sourcecode.swift; path = ProfileView.swift; sourceTree = "<group>"; };
		1055BA782A3217CF0066611C /* ToDoListItemView.swift */ = {isa = PBXFileReference; lastKnownFileType = sourcecode.swift; path = ToDoListItemView.swift; sourceTree = "<group>"; };
		1055BA7A2A3217DD0066611C /* NewItemView.swift */ = {isa = PBXFileReference; lastKnownFileType = sourcecode.swift; path = NewItemView.swift; sourceTree = "<group>"; };
		1055BA7C2A3217E50066611C /* LoginView.swift */ = {isa = PBXFileReference; lastKnownFileType = sourcecode.swift; path = LoginView.swift; sourceTree = "<group>"; };
		1055BA7E2A3217FC0066611C /* RegistraterView.swift */ = {isa = PBXFileReference; lastKnownFileType = sourcecode.swift; path = RegistraterView.swift; sourceTree = "<group>"; };
		1055BA802A3218250066611C /* ToDoListView.swift */ = {isa = PBXFileReference; lastKnownFileType = sourcecode.swift; path = ToDoListView.swift; sourceTree = "<group>"; };
		1055BA822A3218420066611C /* User.swift */ = {isa = PBXFileReference; lastKnownFileType = sourcecode.swift; path = User.swift; sourceTree = "<group>"; };
		1055BA842A3218520066611C /* ToDoListItem.swift */ = {isa = PBXFileReference; lastKnownFileType = sourcecode.swift; path = ToDoListItem.swift; sourceTree = "<group>"; };
		1055BA862A32185F0066611C /* MainViewModel.swift */ = {isa = PBXFileReference; lastKnownFileType = sourcecode.swift; path = MainViewModel.swift; sourceTree = "<group>"; };
		1055BA882A3218670066611C /* ProfileViewModel.swift */ = {isa = PBXFileReference; lastKnownFileType = sourcecode.swift; path = ProfileViewModel.swift; sourceTree = "<group>"; };
		1055BA8A2A3218700066611C /* ToDoListItemViewModel.swift */ = {isa = PBXFileReference; lastKnownFileType = sourcecode.swift; path = ToDoListItemViewModel.swift; sourceTree = "<group>"; };
		1055BA8C2A3218790066611C /* NewItemViewModel.swift */ = {isa = PBXFileReference; lastKnownFileType = sourcecode.swift; path = NewItemViewModel.swift; sourceTree = "<group>"; };
		1055BA8E2A3218800066611C /* LoginViewModel.swift */ = {isa = PBXFileReference; lastKnownFileType = sourcecode.swift; path = LoginViewModel.swift; sourceTree = "<group>"; };
		1055BA902A32188B0066611C /* RegisterViewModel.swift */ = {isa = PBXFileReference; lastKnownFileType = sourcecode.swift; path = RegisterViewModel.swift; sourceTree = "<group>"; };
		1055BA922A3218920066611C /* TodoListViewModel.swift */ = {isa = PBXFileReference; lastKnownFileType = sourcecode.swift; path = TodoListViewModel.swift; sourceTree = "<group>"; };
/* End PBXFileReference section */

/* Begin PBXFrameworksBuildPhase section */
		1055BA532A320FAD0066611C /* Frameworks */ = {
			isa = PBXFrameworksBuildPhase;
			buildActionMask = 2147483647;
			files = (
				1055BA692A3210FA0066611C /* FirebaseAuth in Frameworks */,
				1055BA6B2A3210FA0066611C /* FirebaseFirestore in Frameworks */,
				1055BA6D2A3210FA0066611C /* FirebaseFirestoreSwift in Frameworks */,
			);
			runOnlyForDeploymentPostprocessing = 0;
		};
/* End PBXFrameworksBuildPhase section */

/* Begin PBXGroup section */
		1055BA4D2A320FAC0066611C = {
			isa = PBXGroup;
			children = (
				1055BA582A320FAD0066611C /* ToDo */,
				1055BA572A320FAD0066611C /* Products */,
			);
			sourceTree = "<group>";
		};
		1055BA572A320FAD0066611C /* Products */ = {
			isa = PBXGroup;
			children = (
				1055BA562A320FAD0066611C /* ToDo.app */,
			);
			name = Products;
			sourceTree = "<group>";
		};
		1055BA582A320FAD0066611C /* ToDo */ = {
			isa = PBXGroup;
			children = (
				1055BA752A32156A0066611C /* other */,
				1055BA732A3215570066611C /* Models */,
				1055BA722A3215510066611C /* ViewModels */,
				1055BA702A3215410066611C /* Views */,
				1055BA5F2A320FAE0066611C /* Preview Content */,
			);
			path = ToDo;
			sourceTree = "<group>";
		};
		1055BA5F2A320FAE0066611C /* Preview Content */ = {
			isa = PBXGroup;
			children = (
				1055BA602A320FAE0066611C /* Preview Assets.xcassets */,
			);
			path = "Preview Content";
			sourceTree = "<group>";
		};
		1055BA702A3215410066611C /* Views */ = {
			isa = PBXGroup;
			children = (
				1055BA5B2A320FAD0066611C /* MainView.swift */,
				1055BA762A3217BA0066611C /* ProfileView.swift */,
				1055BA782A3217CF0066611C /* ToDoListItemView.swift */,
				1055BA7A2A3217DD0066611C /* NewItemView.swift */,
				1055BA7C2A3217E50066611C /* LoginView.swift */,
				1055BA7E2A3217FC0066611C /* RegistraterView.swift */,
				1055BA802A3218250066611C /* ToDoListView.swift */,
			);
			path = Views;
			sourceTree = "<group>";
		};
		1055BA722A3215510066611C /* ViewModels */ = {
			isa = PBXGroup;
			children = (
				1055BA862A32185F0066611C /* MainViewModel.swift */,
				1055BA882A3218670066611C /* ProfileViewModel.swift */,
				1055BA8A2A3218700066611C /* ToDoListItemViewModel.swift */,
				1055BA8C2A3218790066611C /* NewItemViewModel.swift */,
				1055BA8E2A3218800066611C /* LoginViewModel.swift */,
				1055BA922A3218920066611C /* TodoListViewModel.swift */,
				1055BA902A32188B0066611C /* RegisterViewModel.swift */,
			);
			path = ViewModels;
			sourceTree = "<group>";
		};
		1055BA732A3215570066611C /* Models */ = {
			isa = PBXGroup;
			children = (
				1055BA822A3218420066611C /* User.swift */,
				1055BA842A3218520066611C /* ToDoListItem.swift */,
			);
			path = Models;
			sourceTree = "<group>";
		};
		1055BA752A32156A0066611C /* other */ = {
			isa = PBXGroup;
			children = (
				1055BA5D2A320FAE0066611C /* Assets.xcassets */,
				1055BA592A320FAD0066611C /* ToDoApp.swift */,
				1055BA6E2A3212960066611C /* GoogleService-Info.plist */,
			);
			path = other;
			sourceTree = "<group>";
		};
/* End PBXGroup section */

/* Begin PBXNativeTarget section */
		1055BA552A320FAD0066611C /* ToDo */ = {
			isa = PBXNativeTarget;
			buildConfigurationList = 1055BA642A320FAE0066611C /* Build configuration list for PBXNativeTarget "ToDo" */;
			buildPhases = (
				1055BA522A320FAD0066611C /* Sources */,
				1055BA532A320FAD0066611C /* Frameworks */,
				1055BA542A320FAD0066611C /* Resources */,
			);
			buildRules = (
			);
			dependencies = (
			);
			name = ToDo;
			packageProductDependencies = (
				1055BA682A3210FA0066611C /* FirebaseAuth */,
				1055BA6A2A3210FA0066611C /* FirebaseFirestore */,
				1055BA6C2A3210FA0066611C /* FirebaseFirestoreSwift */,
			);
			productName = ToDo;
			productReference = 1055BA562A320FAD0066611C /* ToDo.app */;
			productType = "com.apple.product-type.application";
		};
/* End PBXNativeTarget section */

/* Begin PBXProject section */
		1055BA4E2A320FAC0066611C /* Project object */ = {
			isa = PBXProject;
			attributes = {
				BuildIndependentTargetsInParallel = 1;
				LastSwiftUpdateCheck = 1420;
				LastUpgradeCheck = 1420;
				TargetAttributes = {
					1055BA552A320FAD0066611C = {
						CreatedOnToolsVersion = 14.2;
					};
				};
			};
			buildConfigurationList = 1055BA512A320FAC0066611C /* Build configuration list for PBXProject "ToDo" */;
			compatibilityVersion = "Xcode 14.0";
			developmentRegion = en;
			hasScannedForEncodings = 0;
			knownRegions = (
				en,
				Base,
			);
			mainGroup = 1055BA4D2A320FAC0066611C;
			packageReferences = (
				1055BA672A3210FA0066611C /* XCRemoteSwiftPackageReference "firebase-ios-sdk" */,
			);
			productRefGroup = 1055BA572A320FAD0066611C /* Products */;
			projectDirPath = "";
			projectRoot = "";
			targets = (
				1055BA552A320FAD0066611C /* ToDo */,
			);
		};
/* End PBXProject section */

/* Begin PBXResourcesBuildPhase section */
		1055BA542A320FAD0066611C /* Resources */ = {
			isa = PBXResourcesBuildPhase;
			buildActionMask = 2147483647;
			files = (
				1055BA612A320FAE0066611C /* Preview Assets.xcassets in Resources */,
				1055BA5E2A320FAE0066611C /* Assets.xcassets in Resources */,
				1055BA6F2A3212960066611C /* GoogleService-Info.plist in Resources */,
			);
			runOnlyForDeploymentPostprocessing = 0;
		};
/* End PBXResourcesBuildPhase section */

/* Begin PBXSourcesBuildPhase section */
		1055BA522A320FAD0066611C /* Sources */ = {
			isa = PBXSourcesBuildPhase;
			buildActionMask = 2147483647;
			files = (
				1055BA8B2A3218700066611C /* ToDoListItemViewModel.swift in Sources */,
				1055BA7F2A3217FC0066611C /* RegistraterView.swift in Sources */,
				1055BA7D2A3217E50066611C /* LoginView.swift in Sources */,
				1055BA932A3218920066611C /* TodoListViewModel.swift in Sources */,
				1055BA912A32188B0066611C /* RegisterViewModel.swift in Sources */,
				1055BA812A3218250066611C /* ToDoListView.swift in Sources */,
				1055BA5C2A320FAD0066611C /* MainView.swift in Sources */,
				1055BA792A3217CF0066611C /* ToDoListItemView.swift in Sources */,
				1055BA832A3218420066611C /* User.swift in Sources */,
				1055BA892A3218670066611C /* ProfileViewModel.swift in Sources */,
				1055BA8F2A3218800066611C /* LoginViewModel.swift in Sources */,
				1055BA8D2A3218790066611C /* NewItemViewModel.swift in Sources */,
				1055BA772A3217BA0066611C /* ProfileView.swift in Sources */,
				1055BA5A2A320FAD0066611C /* ToDoApp.swift in Sources */,
				1055BA852A3218520066611C /* ToDoListItem.swift in Sources */,
				1055BA7B2A3217DD0066611C /* NewItemView.swift in Sources */,
				1055BA872A32185F0066611C /* MainViewModel.swift in Sources */,
			);
			runOnlyForDeploymentPostprocessing = 0;
		};
/* End PBXSourcesBuildPhase section */

/* Begin XCBuildConfiguration section */
		1055BA622A320FAE0066611C /* Debug */ = {
			isa = XCBuildConfiguration;
			buildSettings = {
				ALWAYS_SEARCH_USER_PATHS = NO;
				CLANG_ANALYZER_NONNULL = YES;
				CLANG_ANALYZER_NUMBER_OBJECT_CONVERSION = YES_AGGRESSIVE;
				CLANG_CXX_LANGUAGE_STANDARD = "gnu++20";
				CLANG_ENABLE_MODULES = YES;
				CLANG_ENABLE_OBJC_ARC = YES;
				CLANG_ENABLE_OBJC_WEAK = YES;
				CLANG_WARN_BLOCK_CAPTURE_AUTORELEASING = YES;
				CLANG_WARN_BOOL_CONVERSION = YES;
				CLANG_WARN_COMMA = YES;
				CLANG_WARN_CONSTANT_CONVERSION = YES;
				CLANG_WARN_DEPRECATED_OBJC_IMPLEMENTATIONS = YES;
				CLANG_WARN_DIRECT_OBJC_ISA_USAGE = YES_ERROR;
				CLANG_WARN_DOCUMENTATION_COMMENTS = YES;
				CLANG_WARN_EMPTY_BODY = YES;
				CLANG_WARN_ENUM_CONVERSION = YES;
				CLANG_WARN_INFINITE_RECURSION = YES;
				CLANG_WARN_INT_CONVERSION = YES;
				CLANG_WARN_NON_LITERAL_NULL_CONVERSION = YES;
				CLANG_WARN_OBJC_IMPLICIT_RETAIN_SELF = YES;
				CLANG_WARN_OBJC_LITERAL_CONVERSION = YES;
				CLANG_WARN_OBJC_ROOT_CLASS = YES_ERROR;
				CLANG_WARN_QUOTED_INCLUDE_IN_FRAMEWORK_HEADER = YES;
				CLANG_WARN_RANGE_LOOP_ANALYSIS = YES;
				CLANG_WARN_STRICT_PROTOTYPES = YES;
				CLANG_WARN_SUSPICIOUS_MOVE = YES;
				CLANG_WARN_UNGUARDED_AVAILABILITY = YES_AGGRESSIVE;
				CLANG_WARN_UNREACHABLE_CODE = YES;
				CLANG_WARN__DUPLICATE_METHOD_MATCH = YES;
				COPY_PHASE_STRIP = NO;
				DEBUG_INFORMATION_FORMAT = dwarf;
				ENABLE_STRICT_OBJC_MSGSEND = YES;
				ENABLE_TESTABILITY = YES;
				GCC_C_LANGUAGE_STANDARD = gnu11;
				GCC_DYNAMIC_NO_PIC = NO;
				GCC_NO_COMMON_BLOCKS = YES;
				GCC_OPTIMIZATION_LEVEL = 0;
				GCC_PREPROCESSOR_DEFINITIONS = (
					"DEBUG=1",
					"$(inherited)",
				);
				GCC_WARN_64_TO_32_BIT_CONVERSION = YES;
				GCC_WARN_ABOUT_RETURN_TYPE = YES_ERROR;
				GCC_WARN_UNDECLARED_SELECTOR = YES;
				GCC_WARN_UNINITIALIZED_AUTOS = YES_AGGRESSIVE;
				GCC_WARN_UNUSED_FUNCTION = YES;
				GCC_WARN_UNUSED_VARIABLE = YES;
				IPHONEOS_DEPLOYMENT_TARGET = 16.2;
				MTL_ENABLE_DEBUG_INFO = INCLUDE_SOURCE;
				MTL_FAST_MATH = YES;
				ONLY_ACTIVE_ARCH = YES;
				SDKROOT = iphoneos;
				SWIFT_ACTIVE_COMPILATION_CONDITIONS = DEBUG;
				SWIFT_OPTIMIZATION_LEVEL = "-Onone";
			};
			name = Debug;
		};
		1055BA632A320FAE0066611C /* Release */ = {
			isa = XCBuildConfiguration;
			buildSettings = {
				ALWAYS_SEARCH_USER_PATHS = NO;
				CLANG_ANALYZER_NONNULL = YES;
				CLANG_ANALYZER_NUMBER_OBJECT_CONVERSION = YES_AGGRESSIVE;
				CLANG_CXX_LANGUAGE_STANDARD = "gnu++20";
				CLANG_ENABLE_MODULES = YES;
				CLANG_ENABLE_OBJC_ARC = YES;
				CLANG_ENABLE_OBJC_WEAK = YES;
				CLANG_WARN_BLOCK_CAPTURE_AUTORELEASING = YES;
				CLANG_WARN_BOOL_CONVERSION = YES;
				CLANG_WARN_COMMA = YES;
				CLANG_WARN_CONSTANT_CONVERSION = YES;
				CLANG_WARN_DEPRECATED_OBJC_IMPLEMENTATIONS = YES;
				CLANG_WARN_DIRECT_OBJC_ISA_USAGE = YES_ERROR;
				CLANG_WARN_DOCUMENTATION_COMMENTS = YES;
				CLANG_WARN_EMPTY_BODY = YES;
				CLANG_WARN_ENUM_CONVERSION = YES;
				CLANG_WARN_INFINITE_RECURSION = YES;
				CLANG_WARN_INT_CONVERSION = YES;
				CLANG_WARN_NON_LITERAL_NULL_CONVERSION = YES;
				CLANG_WARN_OBJC_IMPLICIT_RETAIN_SELF = YES;
				CLANG_WARN_OBJC_LITERAL_CONVERSION = YES;
				CLANG_WARN_OBJC_ROOT_CLASS = YES_ERROR;
				CLANG_WARN_QUOTED_INCLUDE_IN_FRAMEWORK_HEADER = YES;
				CLANG_WARN_RANGE_LOOP_ANALYSIS = YES;
				CLANG_WARN_STRICT_PROTOTYPES = YES;
				CLANG_WARN_SUSPICIOUS_MOVE = YES;
				CLANG_WARN_UNGUARDED_AVAILABILITY = YES_AGGRESSIVE;
				CLANG_WARN_UNREACHABLE_CODE = YES;
				CLANG_WARN__DUPLICATE_METHOD_MATCH = YES;
				COPY_PHASE_STRIP = NO;
				DEBUG_INFORMATION_FORMAT = "dwarf-with-dsym";
				ENABLE_NS_ASSERTIONS = NO;
				ENABLE_STRICT_OBJC_MSGSEND = YES;
				GCC_C_LANGUAGE_STANDARD = gnu11;
				GCC_NO_COMMON_BLOCKS = YES;
				GCC_WARN_64_TO_32_BIT_CONVERSION = YES;
				GCC_WARN_ABOUT_RETURN_TYPE = YES_ERROR;
				GCC_WARN_UNDECLARED_SELECTOR = YES;
				GCC_WARN_UNINITIALIZED_AUTOS = YES_AGGRESSIVE;
				GCC_WARN_UNUSED_FUNCTION = YES;
				GCC_WARN_UNUSED_VARIABLE = YES;
				IPHONEOS_DEPLOYMENT_TARGET = 16.2;
				MTL_ENABLE_DEBUG_INFO = NO;
				MTL_FAST_MATH = YES;
				SDKROOT = iphoneos;
				SWIFT_COMPILATION_MODE = wholemodule;
				SWIFT_OPTIMIZATION_LEVEL = "-O";
				VALIDATE_PRODUCT = YES;
			};
			name = Release;
		};
		1055BA652A320FAE0066611C /* Debug */ = {
			isa = XCBuildConfiguration;
			buildSettings = {
				ASSETCATALOG_COMPILER_APPICON_NAME = AppIcon;
				ASSETCATALOG_COMPILER_GLOBAL_ACCENT_COLOR_NAME = AccentColor;
				CODE_SIGN_STYLE = Automatic;
				CURRENT_PROJECT_VERSION = 1;
				DEVELOPMENT_ASSET_PATHS = "\"ToDo/Preview Content\"";
				ENABLE_PREVIEWS = YES;
				GENERATE_INFOPLIST_FILE = YES;
				INFOPLIST_KEY_UIApplicationSceneManifest_Generation = YES;
				INFOPLIST_KEY_UIApplicationSupportsIndirectInputEvents = YES;
				INFOPLIST_KEY_UILaunchScreen_Generation = YES;
				INFOPLIST_KEY_UISupportedInterfaceOrientations = UIInterfaceOrientationPortrait;
				LD_RUNPATH_SEARCH_PATHS = (
					"$(inherited)",
					"@executable_path/Frameworks",
				);
				MARKETING_VERSION = 1.0;
				PRODUCT_BUNDLE_IDENTIFIER = com.shiva.ToDo;
				PRODUCT_NAME = "$(TARGET_NAME)";
				SWIFT_EMIT_LOC_STRINGS = YES;
				SWIFT_VERSION = 5.0;
				TARGETED_DEVICE_FAMILY = "1,2";
			};
			name = Debug;
		};
		1055BA662A320FAE0066611C /* Release */ = {
			isa = XCBuildConfiguration;
			buildSettings = {
				ASSETCATALOG_COMPILER_APPICON_NAME = AppIcon;
				ASSETCATALOG_COMPILER_GLOBAL_ACCENT_COLOR_NAME = AccentColor;
				CODE_SIGN_STYLE = Automatic;
				CURRENT_PROJECT_VERSION = 1;
				DEVELOPMENT_ASSET_PATHS = "\"ToDo/Preview Content\"";
				ENABLE_PREVIEWS = YES;
				GENERATE_INFOPLIST_FILE = YES;
				INFOPLIST_KEY_UIApplicationSceneManifest_Generation = YES;
				INFOPLIST_KEY_UIApplicationSupportsIndirectInputEvents = YES;
				INFOPLIST_KEY_UILaunchScreen_Generation = YES;
				INFOPLIST_KEY_UISupportedInterfaceOrientations = UIInterfaceOrientationPortrait;
				LD_RUNPATH_SEARCH_PATHS = (
					"$(inherited)",
					"@executable_path/Frameworks",
				);
				MARKETING_VERSION = 1.0;
				PRODUCT_BUNDLE_IDENTIFIER = com.shiva.ToDo;
				PRODUCT_NAME = "$(TARGET_NAME)";
				SWIFT_EMIT_LOC_STRINGS = YES;
				SWIFT_VERSION = 5.0;
				TARGETED_DEVICE_FAMILY = "1,2";
			};
			name = Release;
		};
/* End XCBuildConfiguration section */

/* Begin XCConfigurationList section */
		1055BA512A320FAC0066611C /* Build configuration list for PBXProject "ToDo" */ = {
			isa = XCConfigurationList;
			buildConfigurations = (
				1055BA622A320FAE0066611C /* Debug */,
				1055BA632A320FAE0066611C /* Release */,
			);
			defaultConfigurationIsVisible = 0;
			defaultConfigurationName = Release;
		};
		1055BA642A320FAE0066611C /* Build configuration list for PBXNativeTarget "ToDo" */ = {
			isa = XCConfigurationList;
			buildConfigurations = (
				1055BA652A320FAE0066611C /* Debug */,
				1055BA662A320FAE0066611C /* Release */,
			);
			defaultConfigurationIsVisible = 0;
			defaultConfigurationName = Release;
		};
/* End XCConfigurationList section */

/* Begin XCRemoteSwiftPackageReference section */
		1055BA672A3210FA0066611C /* XCRemoteSwiftPackageReference "firebase-ios-sdk" */ = {
			isa = XCRemoteSwiftPackageReference;
			repositoryURL = "https://github.com/firebase/firebase-ios-sdk";
			requirement = {
				kind = upToNextMajorVersion;
				minimumVersion = 9.0.0;
			};
		};
/* End XCRemoteSwiftPackageReference section */

/* Begin XCSwiftPackageProductDependency section */
		1055BA682A3210FA0066611C /* FirebaseAuth */ = {
			isa = XCSwiftPackageProductDependency;
			package = 1055BA672A3210FA0066611C /* XCRemoteSwiftPackageReference "firebase-ios-sdk" */;
			productName = FirebaseAuth;
		};
		1055BA6A2A3210FA0066611C /* FirebaseFirestore */ = {
			isa = XCSwiftPackageProductDependency;
			package = 1055BA672A3210FA0066611C /* XCRemoteSwiftPackageReference "firebase-ios-sdk" */;
			productName = FirebaseFirestore;
		};
		1055BA6C2A3210FA0066611C /* FirebaseFirestoreSwift */ = {
			isa = XCSwiftPackageProductDependency;
			package = 1055BA672A3210FA0066611C /* XCRemoteSwiftPackageReference "firebase-ios-sdk" */;
			productName = FirebaseFirestoreSwift;
		};
/* End XCSwiftPackageProductDependency section */
	};
	rootObject = 1055BA4E2A320FAC0066611C /* Project object */;
}
